
Microsoft Visual Studio Solution File, Format Version 12.00
# Visual Studio Version 16
VisualStudioVersion = 16.0.29609.76
MinimumVisualStudioVersion = 10.0.40219.1
Project("{9A19103F-16F7-4668-BE54-9A1E7A4F7556}") = "Parser", "Parser\Parser.csproj", "{8E31076B-03E4-4DAC-A7CF-5D54413A842E}"
EndProject
Project("{FAE04EC0-301F-11D3-BF4B-00C04F79EFBC}") = "Interpreter", "Interpreter\Interpreter.csproj", "{8AE457D4-6A8C-4FCC-A579-0A1735C5090D}"
EndProject
Project("{FAE04EC0-301F-11D3-BF4B-00C04F79EFBC}") = "Calculator", "Calculator\Calculator.csproj", "{00B1E955-1C77-4D63-90F3-02C52D2FE767}"
EndProject
Global
	GlobalSection(SolutionConfigurationPlatforms) = preSolution
		Debug|Any CPU = Debug|Any CPU
		Release|Any CPU = Release|Any CPU
	EndGlobalSection
	GlobalSection(ProjectConfigurationPlatforms) = postSolution
		{8E31076B-03E4-4DAC-A7CF-5D54413A842E}.Debug|Any CPU.ActiveCfg = Debug|Any CPU
		{8E31076B-03E4-4DAC-A7CF-5D54413A842E}.Debug|Any CPU.Build.0 = Debug|Any CPU
		{8E31076B-03E4-4DAC-A7CF-5D54413A842E}.Release|Any CPU.ActiveCfg = Release|Any CPU
		{8E31076B-03E4-4DAC-A7CF-5D54413A842E}.Release|Any CPU.Build.0 = Release|Any CPU
		{8AE457D4-6A8C-4FCC-A579-0A1735C5090D}.Debug|Any CPU.ActiveCfg = Debug|Any CPU
		{8AE457D4-6A8C-4FCC-A579-0A1735C5090D}.Debug|Any CPU.Build.0 = Debug|Any CPU
		{8AE457D4-6A8C-4FCC-A579-0A1735C5090D}.Release|Any CPU.ActiveCfg = Release|Any CPU
		{8AE457D4-6A8C-4FCC-A579-0A1735C5090D}.Release|Any CPU.Build.0 = Release|Any CPU
		{00B1E955-1C77-4D63-90F3-02C52D2FE767}.Debug|Any CPU.ActiveCfg = Debug|Any CPU
		{00B1E955-1C77-4D63-90F3-02C52D2FE767}.Debug|Any CPU.Build.0 = Debug|Any CPU
		{00B1E955-1C77-4D63-90F3-02C52D2FE767}.Release|Any CPU.ActiveCfg = Release|Any CPU
		{00B1E955-1C77-4D63-90F3-02C52D2FE767}.Release|Any CPU.Build.0 = Release|Any CPU
	EndGlobalSection
	GlobalSection(SolutionProperties) = preSolution
		HideSolutionNode = FALSE
	EndGlobalSection
	GlobalSection(ExtensibilityGlobals) = postSolution
		SolutionGuid = {C694D84E-1DE6-4ABC-BC4D-B82B6744C891}
	EndGlobalSection
EndGlobal
